
Microsoft Visual Studio Solution File, Format Version 12.00
# Visual Studio Version 17
VisualStudioVersion = 17.9.34622.214
MinimumVisualStudioVersion = 10.0.40219.1
Project("{FAE04EC0-301F-11D3-BF4B-00C04F79EFBC}") = "Hero", "Hero\Hero.csproj", "{CDFA0311-CB0E-4BF3-B061-4E27CF41DAA7}"
EndProject
Global
	GlobalSection(SolutionConfigurationPlatforms) = preSolution
		Debug|Any CPU = Debug|Any CPU
		Release|Any CPU = Release|Any CPU
	EndGlobalSection
	GlobalSection(ProjectConfigurationPlatforms) = postSolution
		{CDFA0311-CB0E-4BF3-B061-4E27CF41DAA7}.Debug|Any CPU.ActiveCfg = Debug|Any CPU
		{CDFA0311-CB0E-4BF3-B061-4E27CF41DAA7}.Debug|Any CPU.Build.0 = Debug|Any CPU
		{CDFA0311-CB0E-4BF3-B061-4E27CF41DAA7}.Release|Any CPU.ActiveCfg = Release|Any CPU
		{CDFA0311-CB0E-4BF3-B061-4E27CF41DAA7}.Release|Any CPU.Build.0 = Release|Any CPU
	EndGlobalSection
	GlobalSection(SolutionProperties) = preSolution
		HideSolutionNode = FALSE
	EndGlobalSection
	GlobalSection(ExtensibilityGlobals) = postSolution
		SolutionGuid = {AAD0CB70-2A44-4127-9620-DFF6CE2A4885}
	EndGlobalSection
EndGlobal
